
Microsoft Visual Studio Solution File, Format Version 10.00
# Visual Studio 2008
Project("{8BC9CEB8-8B4A-11D0-8D11-00A0C91BC942}") = "erloci", "erloci.vcproj", "{61BEAA70-0DA5-43B6-AB94-4968E98F905B}"
EndProject
Global
	GlobalSection(SolutionConfigurationPlatforms) = preSolution
		Debug|Win32 = Debug|Win32
		Release|Win32 = Release|Win32
	EndGlobalSection
	GlobalSection(ProjectConfigurationPlatforms) = postSolution
		{61BEAA70-0DA5-43B6-AB94-4968E98F905B}.Debug|Win32.ActiveCfg = Debug|Win32
		{61BEAA70-0DA5-43B6-AB94-4968E98F905B}.Debug|Win32.Build.0 = Debug|Win32
		{61BEAA70-0DA5-43B6-AB94-4968E98F905B}.Release|Win32.ActiveCfg = Release|Win32
		{61BEAA70-0DA5-43B6-AB94-4968E98F905B}.Release|Win32.Build.0 = Release|Win32
	EndGlobalSection
	GlobalSection(SolutionProperties) = preSolution
		HideSolutionNode = FALSE
	EndGlobalSection
EndGlobal
